// !$*UTF8*$!
{
	archiveVersion = 1;
	classes = {
	};
	objectVersion = 46;
	objects = {

/* Begin PBXBuildFile section */
		0A090C581D0BC73000FE40B7 /* TodayWeather.m in Sources */ = {isa = PBXBuildFile; fileRef = 0A090C571D0BC73000FE40B7 /* TodayWeather.m */; };
		0A090C5B1D0BC74600FE40B7 /* TodayWeatherAM.m in Sources */ = {isa = PBXBuildFile; fileRef = 0A090C5A1D0BC74600FE40B7 /* TodayWeatherAM.m */; };
		0A090C5E1D0BC75500FE40B7 /* TodayWeatherPM.m in Sources */ = {isa = PBXBuildFile; fileRef = 0A090C5D1D0BC75500FE40B7 /* TodayWeatherPM.m */; };
		0A090C611D0BD89400FE40B7 /* WeeklyWeather.m in Sources */ = {isa = PBXBuildFile; fileRef = 0A090C601D0BD89400FE40B7 /* WeeklyWeather.m */; };
		0A090C641D0BD8A500FE40B7 /* WeeklyWeatherAM.m in Sources */ = {isa = PBXBuildFile; fileRef = 0A090C631D0BD8A500FE40B7 /* WeeklyWeatherAM.m */; };
		0A090C671D0BD8B400FE40B7 /* WeeklyWeatherPM.m in Sources */ = {isa = PBXBuildFile; fileRef = 0A090C661D0BD8B400FE40B7 /* WeeklyWeatherPM.m */; };
		0A11A55B1D05B28600BB8A8B /* main.m in Sources */ = {isa = PBXBuildFile; fileRef = 0A11A55A1D05B28600BB8A8B /* main.m */; };
		0A11A55E1D05B28600BB8A8B /* AppDelegate.m in Sources */ = {isa = PBXBuildFile; fileRef = 0A11A55D1D05B28600BB8A8B /* AppDelegate.m */; };
		0A11A5661D05B28700BB8A8B /* Assets.xcassets in Resources */ = {isa = PBXBuildFile; fileRef = 0A11A5651D05B28700BB8A8B /* Assets.xcassets */; };
		0A11A5781D05B4C300BB8A8B /* MainController.m in Sources */ = {isa = PBXBuildFile; fileRef = 0A11A5771D05B4C300BB8A8B /* MainController.m */; };
		0A98149B1D05D54F009807B8 /* MainView.m in Sources */ = {isa = PBXBuildFile; fileRef = 0A98149A1D05D54F009807B8 /* MainView.m */; };
		0A98149D1D05D5D5009807B8 /* MainView.xib in Resources */ = {isa = PBXBuildFile; fileRef = 0A98149C1D05D5D5009807B8 /* MainView.xib */; };
		833E9B4D783B66D001ABD972 /* libPods-RSSReader.a in Frameworks */ = {isa = PBXBuildFile; fileRef = 8E179D124F768A16C011E5EC /* libPods-RSSReader.a */; };
/* End PBXBuildFile section */

/* Begin PBXFileReference section */
		0A090C561D0BC73000FE40B7 /* TodayWeather.h */ = {isa = PBXFileReference; fileEncoding = 4; lastKnownFileType = sourcecode.c.h; path = TodayWeather.h; sourceTree = "<group>"; };
		0A090C571D0BC73000FE40B7 /* TodayWeather.m */ = {isa = PBXFileReference; fileEncoding = 4; lastKnownFileType = sourcecode.c.objc; path = TodayWeather.m; sourceTree = "<group>"; };
		0A090C591D0BC74600FE40B7 /* TodayWeatherAM.h */ = {isa = PBXFileReference; fileEncoding = 4; lastKnownFileType = sourcecode.c.h; path = TodayWeatherAM.h; sourceTree = "<group>"; };
		0A090C5A1D0BC74600FE40B7 /* TodayWeatherAM.m */ = {isa = PBXFileReference; fileEncoding = 4; lastKnownFileType = sourcecode.c.objc; path = TodayWeatherAM.m; sourceTree = "<group>"; };
		0A090C5C1D0BC75500FE40B7 /* TodayWeatherPM.h */ = {isa = PBXFileReference; fileEncoding = 4; lastKnownFileType = sourcecode.c.h; path = TodayWeatherPM.h; sourceTree = "<group>"; };
		0A090C5D1D0BC75500FE40B7 /* TodayWeatherPM.m */ = {isa = PBXFileReference; fileEncoding = 4; lastKnownFileType = sourcecode.c.objc; path = TodayWeatherPM.m; sourceTree = "<group>"; };
		0A090C5F1D0BD89400FE40B7 /* WeeklyWeather.h */ = {isa = PBXFileReference; fileEncoding = 4; lastKnownFileType = sourcecode.c.h; path = WeeklyWeather.h; sourceTree = "<group>"; };
		0A090C601D0BD89400FE40B7 /* WeeklyWeather.m */ = {isa = PBXFileReference; fileEncoding = 4; lastKnownFileType = sourcecode.c.objc; path = WeeklyWeather.m; sourceTree = "<group>"; };
		0A090C621D0BD8A500FE40B7 /* WeeklyWeatherAM.h */ = {isa = PBXFileReference; fileEncoding = 4; lastKnownFileType = sourcecode.c.h; path = WeeklyWeatherAM.h; sourceTree = "<group>"; };
		0A090C631D0BD8A500FE40B7 /* WeeklyWeatherAM.m */ = {isa = PBXFileReference; fileEncoding = 4; lastKnownFileType = sourcecode.c.objc; path = WeeklyWeatherAM.m; sourceTree = "<group>"; };
		0A090C651D0BD8B400FE40B7 /* WeeklyWeatherPM.h */ = {isa = PBXFileReference; fileEncoding = 4; lastKnownFileType = sourcecode.c.h; path = WeeklyWeatherPM.h; sourceTree = "<group>"; };
		0A090C661D0BD8B400FE40B7 /* WeeklyWeatherPM.m */ = {isa = PBXFileReference; fileEncoding = 4; lastKnownFileType = sourcecode.c.objc; path = WeeklyWeatherPM.m; sourceTree = "<group>"; };
		0A11A5561D05B28600BB8A8B /* RSSReader.app */ = {isa = PBXFileReference; explicitFileType = wrapper.application; includeInIndex = 0; path = RSSReader.app; sourceTree = BUILT_PRODUCTS_DIR; };
		0A11A55A1D05B28600BB8A8B /* main.m */ = {isa = PBXFileReference; lastKnownFileType = sourcecode.c.objc; path = main.m; sourceTree = "<group>"; };
		0A11A55C1D05B28600BB8A8B /* AppDelegate.h */ = {isa = PBXFileReference; lastKnownFileType = sourcecode.c.h; path = AppDelegate.h; sourceTree = "<group>"; };
		0A11A55D1D05B28600BB8A8B /* AppDelegate.m */ = {isa = PBXFileReference; lastKnownFileType = sourcecode.c.objc; path = AppDelegate.m; sourceTree = "<group>"; };
		0A11A5651D05B28700BB8A8B /* Assets.xcassets */ = {isa = PBXFileReference; lastKnownFileType = folder.assetcatalog; path = Assets.xcassets; sourceTree = "<group>"; };
		0A11A56A1D05B28700BB8A8B /* Info.plist */ = {isa = PBXFileReference; lastKnownFileType = text.plist.xml; path = Info.plist; sourceTree = "<group>"; };
		0A11A5761D05B4C300BB8A8B /* MainController.h */ = {isa = PBXFileReference; fileEncoding = 4; lastKnownFileType = sourcecode.c.h; path = MainController.h; sourceTree = "<group>"; };
		0A11A5771D05B4C300BB8A8B /* MainController.m */ = {isa = PBXFileReference; fileEncoding = 4; lastKnownFileType = sourcecode.c.objc; path = MainController.m; sourceTree = "<group>"; };
		0A9814991D05D54F009807B8 /* MainView.h */ = {isa = PBXFileReference; fileEncoding = 4; lastKnownFileType = sourcecode.c.h; path = MainView.h; sourceTree = "<group>"; };
		0A98149A1D05D54F009807B8 /* MainView.m */ = {isa = PBXFileReference; fileEncoding = 4; lastKnownFileType = sourcecode.c.objc; path = MainView.m; sourceTree = "<group>"; };
		0A98149C1D05D5D5009807B8 /* MainView.xib */ = {isa = PBXFileReference; fileEncoding = 4; lastKnownFileType = file.xib; path = MainView.xib; sourceTree = "<group>"; };
		22117A86050791F7D5ECC1D1 /* Pods-RSSReader.release.xcconfig */ = {isa = PBXFileReference; includeInIndex = 1; lastKnownFileType = text.xcconfig; name = "Pods-RSSReader.release.xcconfig"; path = "Pods/Target Support Files/Pods-RSSReader/Pods-RSSReader.release.xcconfig"; sourceTree = "<group>"; };
		4AF07761893E76A0907E38B7 /* Pods-RSSReader.debug.xcconfig */ = {isa = PBXFileReference; includeInIndex = 1; lastKnownFileType = text.xcconfig; name = "Pods-RSSReader.debug.xcconfig"; path = "Pods/Target Support Files/Pods-RSSReader/Pods-RSSReader.debug.xcconfig"; sourceTree = "<group>"; };
		8E179D124F768A16C011E5EC /* libPods-RSSReader.a */ = {isa = PBXFileReference; explicitFileType = archive.ar; includeInIndex = 0; path = "libPods-RSSReader.a"; sourceTree = BUILT_PRODUCTS_DIR; };
/* End PBXFileReference section */

/* Begin PBXFrameworksBuildPhase section */
		0A11A5531D05B28600BB8A8B /* Frameworks */ = {
			isa = PBXFrameworksBuildPhase;
			buildActionMask = 2147483647;
			files = (
				833E9B4D783B66D001ABD972 /* libPods-RSSReader.a in Frameworks */,
			);
			runOnlyForDeploymentPostprocessing = 0;
		};
/* End PBXFrameworksBuildPhase section */

/* Begin PBXGroup section */
		0A11A54D1D05B28600BB8A8B = {
			isa = PBXGroup;
			children = (
				0A11A5581D05B28600BB8A8B /* RSSReader */,
				0A11A5571D05B28600BB8A8B /* Products */,
				7FB8C8F0C28706E1DD6A1404 /* Pods */,
				99E0DB3D22044CE506F9A1DA /* Frameworks */,
			);
			sourceTree = "<group>";
		};
		0A11A5571D05B28600BB8A8B /* Products */ = {
			isa = PBXGroup;
			children = (
				0A11A5561D05B28600BB8A8B /* RSSReader.app */,
			);
			name = Products;
			sourceTree = "<group>";
		};
		0A11A5581D05B28600BB8A8B /* RSSReader */ = {
			isa = PBXGroup;
			children = (
				0A11A5701D05B30900BB8A8B /* Classes */,
				0A11A55C1D05B28600BB8A8B /* AppDelegate.h */,
				0A11A55D1D05B28600BB8A8B /* AppDelegate.m */,
				0A11A5651D05B28700BB8A8B /* Assets.xcassets */,
				0A11A56A1D05B28700BB8A8B /* Info.plist */,
				0A11A5591D05B28600BB8A8B /* Supporting Files */,
			);
			path = RSSReader;
			sourceTree = "<group>";
		};
		0A11A5591D05B28600BB8A8B /* Supporting Files */ = {
			isa = PBXGroup;
			children = (
				0A11A55A1D05B28600BB8A8B /* main.m */,
			);
			name = "Supporting Files";
			sourceTree = "<group>";
		};
		0A11A5701D05B30900BB8A8B /* Classes */ = {
			isa = PBXGroup;
			children = (
				0A11A5731D05B30900BB8A8B /* Utilities */,
				0A11A5741D05B30900BB8A8B /* Vendors */,
				0A11A5721D05B30900BB8A8B /* Models */,
				0A11A5751D05B30900BB8A8B /* Views */,
				0A11A5711D05B30900BB8A8B /* Controllers */,
			);
			path = Classes;
			sourceTree = "<group>";
		};
		0A11A5711D05B30900BB8A8B /* Controllers */ = {
			isa = PBXGroup;
			children = (
				0A11A5761D05B4C300BB8A8B /* MainController.h */,
				0A11A5771D05B4C300BB8A8B /* MainController.m */,
			);
			path = Controllers;
			sourceTree = "<group>";
		};
		0A11A5721D05B30900BB8A8B /* Models */ = {
			isa = PBXGroup;
			children = (
				0A090C561D0BC73000FE40B7 /* TodayWeather.h */,
				0A090C571D0BC73000FE40B7 /* TodayWeather.m */,
				0A090C591D0BC74600FE40B7 /* TodayWeatherAM.h */,
				0A090C5A1D0BC74600FE40B7 /* TodayWeatherAM.m */,
				0A090C5C1D0BC75500FE40B7 /* TodayWeatherPM.h */,
				0A090C5D1D0BC75500FE40B7 /* TodayWeatherPM.m */,
				0A090C5F1D0BD89400FE40B7 /* WeeklyWeather.h */,
				0A090C601D0BD89400FE40B7 /* WeeklyWeather.m */,
				0A090C621D0BD8A500FE40B7 /* WeeklyWeatherAM.h */,
				0A090C631D0BD8A500FE40B7 /* WeeklyWeatherAM.m */,
				0A090C651D0BD8B400FE40B7 /* WeeklyWeatherPM.h */,
				0A090C661D0BD8B400FE40B7 /* WeeklyWeatherPM.m */,
			);
			path = Models;
			sourceTree = "<group>";
		};
		0A11A5731D05B30900BB8A8B /* Utilities */ = {
			isa = PBXGroup;
			children = (
			);
			path = Utilities;
			sourceTree = "<group>";
		};
		0A11A5741D05B30900BB8A8B /* Vendors */ = {
			isa = PBXGroup;
			children = (
			);
			path = Vendors;
			sourceTree = "<group>";
		};
		0A11A5751D05B30900BB8A8B /* Views */ = {
			isa = PBXGroup;
			children = (
				0A9814991D05D54F009807B8 /* MainView.h */,
				0A98149A1D05D54F009807B8 /* MainView.m */,
				0A98149C1D05D5D5009807B8 /* MainView.xib */,
			);
			path = Views;
			sourceTree = "<group>";
		};
		7FB8C8F0C28706E1DD6A1404 /* Pods */ = {
			isa = PBXGroup;
			children = (
				4AF07761893E76A0907E38B7 /* Pods-RSSReader.debug.xcconfig */,
				22117A86050791F7D5ECC1D1 /* Pods-RSSReader.release.xcconfig */,
			);
			name = Pods;
			sourceTree = "<group>";
		};
		99E0DB3D22044CE506F9A1DA /* Frameworks */ = {
			isa = PBXGroup;
			children = (
				8E179D124F768A16C011E5EC /* libPods-RSSReader.a */,
			);
			name = Frameworks;
			sourceTree = "<group>";
		};
/* End PBXGroup section */

/* Begin PBXNativeTarget section */
		0A11A5551D05B28600BB8A8B /* RSSReader */ = {
			isa = PBXNativeTarget;
			buildConfigurationList = 0A11A56D1D05B28700BB8A8B /* Build configuration list for PBXNativeTarget "RSSReader" */;
			buildPhases = (
				CDA204100FA959B928915E72 /* [CP] Check Pods Manifest.lock */,
				0A11A5521D05B28600BB8A8B /* Sources */,
				0A11A5531D05B28600BB8A8B /* Frameworks */,
				0A11A5541D05B28600BB8A8B /* Resources */,
				9AF6B45D73B99825215603AD /* [CP] Embed Pods Frameworks */,
				D60E3D690490C8ED96926EF4 /* [CP] Copy Pods Resources */,
			);
			buildRules = (
			);
			dependencies = (
			);
			name = RSSReader;
			productName = RSSReader;
			productReference = 0A11A5561D05B28600BB8A8B /* RSSReader.app */;
			productType = "com.apple.product-type.application";
		};
/* End PBXNativeTarget section */

/* Begin PBXProject section */
		0A11A54E1D05B28600BB8A8B /* Project object */ = {
			isa = PBXProject;
			attributes = {
				LastUpgradeCheck = 0730;
				ORGANIZATIONNAME = Jam;
				TargetAttributes = {
					0A11A5551D05B28600BB8A8B = {
						CreatedOnToolsVersion = 7.3.1;
					};
				};
			};
			buildConfigurationList = 0A11A5511D05B28600BB8A8B /* Build configuration list for PBXProject "RSSReader" */;
			compatibilityVersion = "Xcode 3.2";
			developmentRegion = English;
			hasScannedForEncodings = 0;
			knownRegions = (
				en,
				Base,
			);
			mainGroup = 0A11A54D1D05B28600BB8A8B;
			productRefGroup = 0A11A5571D05B28600BB8A8B /* Products */;
			projectDirPath = "";
			projectRoot = "";
			targets = (
				0A11A5551D05B28600BB8A8B /* RSSReader */,
			);
		};
/* End PBXProject section */

/* Begin PBXResourcesBuildPhase section */
		0A11A5541D05B28600BB8A8B /* Resources */ = {
			isa = PBXResourcesBuildPhase;
			buildActionMask = 2147483647;
			files = (
				0A11A5661D05B28700BB8A8B /* Assets.xcassets in Resources */,
				0A98149D1D05D5D5009807B8 /* MainView.xib in Resources */,
			);
			runOnlyForDeploymentPostprocessing = 0;
		};
/* End PBXResourcesBuildPhase section */

/* Begin PBXShellScriptBuildPhase section */
		9AF6B45D73B99825215603AD /* [CP] Embed Pods Frameworks */ = {
			isa = PBXShellScriptBuildPhase;
			buildActionMask = 2147483647;
			files = (
			);
			inputPaths = (
			);
			name = "[CP] Embed Pods Frameworks";
			outputPaths = (
			);
			runOnlyForDeploymentPostprocessing = 0;
			shellPath = /bin/sh;
			shellScript = "\"${SRCROOT}/Pods/Target Support Files/Pods-RSSReader/Pods-RSSReader-frameworks.sh\"\n";
			showEnvVarsInLog = 0;
		};
		CDA204100FA959B928915E72 /* [CP] Check Pods Manifest.lock */ = {
			isa = PBXShellScriptBuildPhase;
			buildActionMask = 2147483647;
			files = (
			);
			inputPaths = (
			);
			name = "[CP] Check Pods Manifest.lock";
			outputPaths = (
			);
			runOnlyForDeploymentPostprocessing = 0;
			shellPath = /bin/sh;
			shellScript = "diff \"${PODS_ROOT}/../Podfile.lock\" \"${PODS_ROOT}/Manifest.lock\" > /dev/null\nif [[ $? != 0 ]] ; then\n    cat << EOM\nerror: The sandbox is not in sync with the Podfile.lock. Run 'pod install' or update your CocoaPods installation.\nEOM\n    exit 1\nfi\n";
			showEnvVarsInLog = 0;
		};
		D60E3D690490C8ED96926EF4 /* [CP] Copy Pods Resources */ = {
			isa = PBXShellScriptBuildPhase;
			buildActionMask = 2147483647;
			files = (
			);
			inputPaths = (
			);
			name = "[CP] Copy Pods Resources";
			outputPaths = (
			);
			runOnlyForDeploymentPostprocessing = 0;
			shellPath = /bin/sh;
			shellScript = "\"${SRCROOT}/Pods/Target Support Files/Pods-RSSReader/Pods-RSSReader-resources.sh\"\n";
			showEnvVarsInLog = 0;
		};
/* End PBXShellScriptBuildPhase section */

/* Begin PBXSourcesBuildPhase section */
		0A11A5521D05B28600BB8A8B /* Sources */ = {
			isa = PBXSourcesBuildPhase;
			buildActionMask = 2147483647;
			files = (
				0A090C5E1D0BC75500FE40B7 /* TodayWeatherPM.m in Sources */,
				0A11A55E1D05B28600BB8A8B /* AppDelegate.m in Sources */,
				0A090C671D0BD8B400FE40B7 /* WeeklyWeatherPM.m in Sources */,
				0A98149B1D05D54F009807B8 /* MainView.m in Sources */,
				0A090C641D0BD8A500FE40B7 /* WeeklyWeatherAM.m in Sources */,
				0A090C611D0BD89400FE40B7 /* WeeklyWeather.m in Sources */,
				0A090C581D0BC73000FE40B7 /* TodayWeather.m in Sources */,
				0A11A5781D05B4C300BB8A8B /* MainController.m in Sources */,
				0A090C5B1D0BC74600FE40B7 /* TodayWeatherAM.m in Sources */,
				0A11A55B1D05B28600BB8A8B /* main.m in Sources */,
			);
			runOnlyForDeploymentPostprocessing = 0;
		};
/* End PBXSourcesBuildPhase section */

/* Begin XCBuildConfiguration section */
		0A11A56B1D05B28700BB8A8B /* Debug */ = {
			isa = XCBuildConfiguration;
			buildSettings = {
				ALWAYS_SEARCH_USER_PATHS = NO;
				CLANG_ANALYZER_NONNULL = YES;
				CLANG_CXX_LANGUAGE_STANDARD = "gnu++0x";
				CLANG_CXX_LIBRARY = "libc++";
				CLANG_ENABLE_MODULES = YES;
				CLANG_ENABLE_OBJC_ARC = YES;
				CLANG_WARN_BOOL_CONVERSION = YES;
				CLANG_WARN_CONSTANT_CONVERSION = YES;
				CLANG_WARN_DIRECT_OBJC_ISA_USAGE = YES_ERROR;
				CLANG_WARN_EMPTY_BODY = YES;
				CLANG_WARN_ENUM_CONVERSION = YES;
				CLANG_WARN_INT_CONVERSION = YES;
				CLANG_WARN_OBJC_ROOT_CLASS = YES_ERROR;
				CLANG_WARN_UNREACHABLE_CODE = YES;
				CLANG_WARN__DUPLICATE_METHOD_MATCH = YES;
				"CODE_SIGN_IDENTITY[sdk=iphoneos*]" = "iPhone Developer";
				COPY_PHASE_STRIP = NO;
				DEBUG_INFORMATION_FORMAT = dwarf;
				ENABLE_STRICT_OBJC_MSGSEND = YES;
				ENABLE_TESTABILITY = YES;
				GCC_C_LANGUAGE_STANDARD = gnu99;
				GCC_DYNAMIC_NO_PIC = NO;
				GCC_NO_COMMON_BLOCKS = YES;
				GCC_OPTIMIZATION_LEVEL = 0;
				GCC_PREPROCESSOR_DEFINITIONS = (
					"DEBUG=1",
					"$(inherited)",
				);
				GCC_WARN_64_TO_32_BIT_CONVERSION = YES;
				GCC_WARN_ABOUT_RETURN_TYPE = YES_ERROR;
				GCC_WARN_UNDECLARED_SELECTOR = YES;
				GCC_WARN_UNINITIALIZED_AUTOS = YES_AGGRESSIVE;
				GCC_WARN_UNUSED_FUNCTION = YES;
				GCC_WARN_UNUSED_VARIABLE = YES;
				IPHONEOS_DEPLOYMENT_TARGET = 9.3;
				MTL_ENABLE_DEBUG_INFO = YES;
				ONLY_ACTIVE_ARCH = YES;
				SDKROOT = iphoneos;
				TARGETED_DEVICE_FAMILY = "1,2";
			};
			name = Debug;
		};
		0A11A56C1D05B28700BB8A8B /* Release */ = {
			isa = XCBuildConfiguration;
			buildSettings = {
				ALWAYS_SEARCH_USER_PATHS = NO;
				CLANG_ANALYZER_NONNULL = YES;
				CLANG_CXX_LANGUAGE_STANDARD = "gnu++0x";
				CLANG_CXX_LIBRARY = "libc++";
				CLANG_ENABLE_MODULES = YES;
				CLANG_ENABLE_OBJC_ARC = YES;
				CLANG_WARN_BOOL_CONVERSION = YES;
				CLANG_WARN_CONSTANT_CONVERSION = YES;
				CLANG_WARN_DIRECT_OBJC_ISA_USAGE = YES_ERROR;
				CLANG_WARN_EMPTY_BODY = YES;
				CLANG_WARN_ENUM_CONVERSION = YES;
				CLANG_WARN_INT_CONVERSION = YES;
				CLANG_WARN_OBJC_ROOT_CLASS = YES_ERROR;
				CLANG_WARN_UNREACHABLE_CODE = YES;
				CLANG_WARN__DUPLICATE_METHOD_MATCH = YES;
				"CODE_SIGN_IDENTITY[sdk=iphoneos*]" = "iPhone Developer";
				COPY_PHASE_STRIP = NO;
				DEBUG_INFORMATION_FORMAT = "dwarf-with-dsym";
				ENABLE_NS_ASSERTIONS = NO;
				ENABLE_STRICT_OBJC_MSGSEND = YES;
				GCC_C_LANGUAGE_STANDARD = gnu99;
				GCC_NO_COMMON_BLOCKS = YES;
				GCC_WARN_64_TO_32_BIT_CONVERSION = YES;
				GCC_WARN_ABOUT_RETURN_TYPE = YES_ERROR;
				GCC_WARN_UNDECLARED_SELECTOR = YES;
				GCC_WARN_UNINITIALIZED_AUTOS = YES_AGGRESSIVE;
				GCC_WARN_UNUSED_FUNCTION = YES;
				GCC_WARN_UNUSED_VARIABLE = YES;
				IPHONEOS_DEPLOYMENT_TARGET = 9.3;
				MTL_ENABLE_DEBUG_INFO = NO;
				SDKROOT = iphoneos;
				TARGETED_DEVICE_FAMILY = "1,2";
				VALIDATE_PRODUCT = YES;
			};
			name = Release;
		};
		0A11A56E1D05B28700BB8A8B /* Debug */ = {
			isa = XCBuildConfiguration;
			baseConfigurationReference = 4AF07761893E76A0907E38B7 /* Pods-RSSReader.debug.xcconfig */;
			buildSettings = {
				ASSETCATALOG_COMPILER_APPICON_NAME = AppIcon;
				INFOPLIST_FILE = RSSReader/Info.plist;
				LD_RUNPATH_SEARCH_PATHS = "$(inherited) @executable_path/Frameworks";
				PRODUCT_BUNDLE_IDENTIFIER = imac.RSSReader;
				PRODUCT_NAME = "$(TARGET_NAME)";
			};
			name = Debug;
		};
		0A11A56F1D05B28700BB8A8B /* Release */ = {
			isa = XCBuildConfiguration;
			baseConfigurationReference = 22117A86050791F7D5ECC1D1 /* Pods-RSSReader.release.xcconfig */;
			buildSettings = {
				ASSETCATALOG_COMPILER_APPICON_NAME = AppIcon;
				INFOPLIST_FILE = RSSReader/Info.plist;
				LD_RUNPATH_SEARCH_PATHS = "$(inherited) @executable_path/Frameworks";
				PRODUCT_BUNDLE_IDENTIFIER = imac.RSSReader;
				PRODUCT_NAME = "$(TARGET_NAME)";
			};
			name = Release;
		};
/* End XCBuildConfiguration section */

/* Begin XCConfigurationList section */
		0A11A5511D05B28600BB8A8B /* Build configuration list for PBXProject "RSSReader" */ = {
			isa = XCConfigurationList;
			buildConfigurations = (
				0A11A56B1D05B28700BB8A8B /* Debug */,
				0A11A56C1D05B28700BB8A8B /* Release */,
			);
			defaultConfigurationIsVisible = 0;
			defaultConfigurationName = Release;
		};
		0A11A56D1D05B28700BB8A8B /* Build configuration list for PBXNativeTarget "RSSReader" */ = {
			isa = XCConfigurationList;
			buildConfigurations = (
				0A11A56E1D05B28700BB8A8B /* Debug */,
				0A11A56F1D05B28700BB8A8B /* Release */,
			);
			defaultConfigurationIsVisible = 0;
			defaultConfigurationName = Release;
		};
/* End XCConfigurationList section */
	};
	rootObject = 0A11A54E1D05B28600BB8A8B /* Project object */;
}
